
Microsoft Visual Studio Solution File, Format Version 12.00
# Visual Studio Version 16
VisualStudioVersion = 16.0.29306.81
MinimumVisualStudioVersion = 10.0.40219.1
Project("{FAE04EC0-301F-11D3-BF4B-00C04F79EFBC}") = "EdikLab2", "EdikLab2\EdikLab2.csproj", "{D54EA6AA-F3B1-4C75-B4EA-A66A750D216B}"
EndProject
Global
	GlobalSection(SolutionConfigurationPlatforms) = preSolution
		Debug|Any CPU = Debug|Any CPU
		Release|Any CPU = Release|Any CPU
	EndGlobalSection
	GlobalSection(ProjectConfigurationPlatforms) = postSolution
		{D54EA6AA-F3B1-4C75-B4EA-A66A750D216B}.Debug|Any CPU.ActiveCfg = Debug|Any CPU
		{D54EA6AA-F3B1-4C75-B4EA-A66A750D216B}.Debug|Any CPU.Build.0 = Debug|Any CPU
		{D54EA6AA-F3B1-4C75-B4EA-A66A750D216B}.Release|Any CPU.ActiveCfg = Release|Any CPU
		{D54EA6AA-F3B1-4C75-B4EA-A66A750D216B}.Release|Any CPU.Build.0 = Release|Any CPU
	EndGlobalSection
	GlobalSection(SolutionProperties) = preSolution
		HideSolutionNode = FALSE
	EndGlobalSection
	GlobalSection(ExtensibilityGlobals) = postSolution
		SolutionGuid = {66FF0DEC-F62B-4F48-9758-BA06A9832785}
	EndGlobalSection
EndGlobal
